
Microsoft Visual Studio Solution File, Format Version 12.00
# Visual Studio Version 17
VisualStudioVersion = 17.5.002.0
MinimumVisualStudioVersion = 10.0.40219.1
Project("{2150E333-8FDC-42A3-9474-1A3956D46DE8}") = "page1", "page1", "{9D42F8B7-EAB7-4E8B-8FEB-49DB7BE79883}"
EndProject
Project("{2150E333-8FDC-42A3-9474-1A3956D46DE8}") = "project", "project", "{26412E84-0B8E-42E3-A5B2-7510A9BBAEF6}"
EndProject
Project("{9A19103F-16F7-4668-BE54-9A1E7A4F7556}") = "projectFile", "page1\project\projectFile\projectFile.csproj", "{7A759659-606A-4473-AAA7-9F5B9EFBBD09}"
EndProject
Global
	GlobalSection(SolutionConfigurationPlatforms) = preSolution
		Debug|Any CPU = Debug|Any CPU
		Release|Any CPU = Release|Any CPU
	EndGlobalSection
	GlobalSection(ProjectConfigurationPlatforms) = postSolution
		{7A759659-606A-4473-AAA7-9F5B9EFBBD09}.Debug|Any CPU.ActiveCfg = Debug|Any CPU
		{7A759659-606A-4473-AAA7-9F5B9EFBBD09}.Debug|Any CPU.Build.0 = Debug|Any CPU
		{7A759659-606A-4473-AAA7-9F5B9EFBBD09}.Release|Any CPU.ActiveCfg = Release|Any CPU
		{7A759659-606A-4473-AAA7-9F5B9EFBBD09}.Release|Any CPU.Build.0 = Release|Any CPU
	EndGlobalSection
	GlobalSection(SolutionProperties) = preSolution
		HideSolutionNode = FALSE
	EndGlobalSection
	GlobalSection(NestedProjects) = preSolution
		{26412E84-0B8E-42E3-A5B2-7510A9BBAEF6} = {9D42F8B7-EAB7-4E8B-8FEB-49DB7BE79883}
		{7A759659-606A-4473-AAA7-9F5B9EFBBD09} = {26412E84-0B8E-42E3-A5B2-7510A9BBAEF6}
	EndGlobalSection
	GlobalSection(ExtensibilityGlobals) = postSolution
		SolutionGuid = {A67F6063-4458-4A59-86E2-54827A159FD6}
	EndGlobalSection
EndGlobal
